
Microsoft Visual Studio Solution File, Format Version 12.00
# Visual Studio Version 17
VisualStudioVersion = 17.9.34728.123
MinimumVisualStudioVersion = 10.0.40219.1
Project("{FAE04EC0-301F-11D3-BF4B-00C04F79EFBC}") = "SchoolBee.API", "SchoolBee.API\SchoolBee.API.csproj", "{31E972EA-0F3C-4AF1-8E72-715323D8126A}"
EndProject
Project("{FAE04EC0-301F-11D3-BF4B-00C04F79EFBC}") = "SchoolBee.Domain", "SchoolBee.Domain\SchoolBee.Domain.csproj", "{DCF58B10-EC59-41C4-908E-178A226ACBA4}"
EndProject
Project("{FAE04EC0-301F-11D3-BF4B-00C04F79EFBC}") = "SchoolBee.Infrastructure", "SchoolBee.Infrastructure\SchoolBee.Infrastructure.csproj", "{8D60CC07-13EC-432F-BF0B-EADB6C0596EE}"
EndProject
Project("{FAE04EC0-301F-11D3-BF4B-00C04F79EFBC}") = "SchoolBee.Service", "SchoolBee.Service\SchoolBee.Service.csproj", "{D3ABF5D4-8943-4517-A5FD-144D283FBB4C}"
EndProject
Project("{FAE04EC0-301F-11D3-BF4B-00C04F79EFBC}") = "SchoolBee.Core", "SchoolBee.Core\SchoolBee.Core.csproj", "{D990DDDE-8778-4622-9DDE-68A083F41EA3}"
EndProject
Global
	GlobalSection(SolutionConfigurationPlatforms) = preSolution
		Debug|Any CPU = Debug|Any CPU
		Release|Any CPU = Release|Any CPU
	EndGlobalSection
	GlobalSection(ProjectConfigurationPlatforms) = postSolution
		{31E972EA-0F3C-4AF1-8E72-715323D8126A}.Debug|Any CPU.ActiveCfg = Debug|Any CPU
		{31E972EA-0F3C-4AF1-8E72-715323D8126A}.Debug|Any CPU.Build.0 = Debug|Any CPU
		{31E972EA-0F3C-4AF1-8E72-715323D8126A}.Release|Any CPU.ActiveCfg = Release|Any CPU
		{31E972EA-0F3C-4AF1-8E72-715323D8126A}.Release|Any CPU.Build.0 = Release|Any CPU
		{DCF58B10-EC59-41C4-908E-178A226ACBA4}.Debug|Any CPU.ActiveCfg = Debug|Any CPU
		{DCF58B10-EC59-41C4-908E-178A226ACBA4}.Debug|Any CPU.Build.0 = Debug|Any CPU
		{DCF58B10-EC59-41C4-908E-178A226ACBA4}.Release|Any CPU.ActiveCfg = Release|Any CPU
		{DCF58B10-EC59-41C4-908E-178A226ACBA4}.Release|Any CPU.Build.0 = Release|Any CPU
		{8D60CC07-13EC-432F-BF0B-EADB6C0596EE}.Debug|Any CPU.ActiveCfg = Debug|Any CPU
		{8D60CC07-13EC-432F-BF0B-EADB6C0596EE}.Debug|Any CPU.Build.0 = Debug|Any CPU
		{8D60CC07-13EC-432F-BF0B-EADB6C0596EE}.Release|Any CPU.ActiveCfg = Release|Any CPU
		{8D60CC07-13EC-432F-BF0B-EADB6C0596EE}.Release|Any CPU.Build.0 = Release|Any CPU
		{D3ABF5D4-8943-4517-A5FD-144D283FBB4C}.Debug|Any CPU.ActiveCfg = Debug|Any CPU
		{D3ABF5D4-8943-4517-A5FD-144D283FBB4C}.Debug|Any CPU.Build.0 = Debug|Any CPU
		{D3ABF5D4-8943-4517-A5FD-144D283FBB4C}.Release|Any CPU.ActiveCfg = Release|Any CPU
		{D3ABF5D4-8943-4517-A5FD-144D283FBB4C}.Release|Any CPU.Build.0 = Release|Any CPU
		{D990DDDE-8778-4622-9DDE-68A083F41EA3}.Debug|Any CPU.ActiveCfg = Debug|Any CPU
		{D990DDDE-8778-4622-9DDE-68A083F41EA3}.Debug|Any CPU.Build.0 = Debug|Any CPU
		{D990DDDE-8778-4622-9DDE-68A083F41EA3}.Release|Any CPU.ActiveCfg = Release|Any CPU
		{D990DDDE-8778-4622-9DDE-68A083F41EA3}.Release|Any CPU.Build.0 = Release|Any CPU
	EndGlobalSection
	GlobalSection(SolutionProperties) = preSolution
		HideSolutionNode = FALSE
	EndGlobalSection
	GlobalSection(ExtensibilityGlobals) = postSolution
		SolutionGuid = {CEE360FB-6F2B-437A-87E7-2B51A0FA2906}
	EndGlobalSection
EndGlobal
